// !$*UTF8*$!
{
	archiveVersion = 1;
	classes = {
	};
	objectVersion = 50;
	objects = {

/* Begin PBXBuildFile section */
		9F64D11A230F8AC6003FEBFA /* UIImage+imageWithName.m in Sources */ = {isa = PBXBuildFile; fileRef = 9F64D119230F8AC6003FEBFA /* UIImage+imageWithName.m */; };
		9F64D11D230F8B1F003FEBFA /* NSBundle+ImageBundleName.m in Sources */ = {isa = PBXBuildFile; fileRef = 9F64D11C230F8B1F003FEBFA /* NSBundle+ImageBundleName.m */; };
		9F93901D22D5DA0A00DAD186 /* AppDelegate.m in Sources */ = {isa = PBXBuildFile; fileRef = 9F93901C22D5DA0A00DAD186 /* AppDelegate.m */; };
		9F93902022D5DA0A00DAD186 /* ViewController.m in Sources */ = {isa = PBXBuildFile; fileRef = 9F93901F22D5DA0A00DAD186 /* ViewController.m */; };
		9F93902322D5DA0A00DAD186 /* Main.storyboard in Resources */ = {isa = PBXBuildFile; fileRef = 9F93902122D5DA0A00DAD186 /* Main.storyboard */; };
		9F93902522D5DA0B00DAD186 /* Assets.xcassets in Resources */ = {isa = PBXBuildFile; fileRef = 9F93902422D5DA0B00DAD186 /* Assets.xcassets */; };
		9F93902822D5DA0B00DAD186 /* LaunchScreen.storyboard in Resources */ = {isa = PBXBuildFile; fileRef = 9F93902622D5DA0B00DAD186 /* LaunchScreen.storyboard */; };
		9F93902B22D5DA0B00DAD186 /* main.m in Sources */ = {isa = PBXBuildFile; fileRef = 9F93902A22D5DA0B00DAD186 /* main.m */; };
		9F93903522D5DA0C00DAD186 /* TestBasisTests.m in Sources */ = {isa = PBXBuildFile; fileRef = 9F93903422D5DA0C00DAD186 /* TestBasisTests.m */; };
		9F93904022D5DA0C00DAD186 /* TestBasisUITests.m in Sources */ = {isa = PBXBuildFile; fileRef = 9F93903F22D5DA0C00DAD186 /* TestBasisUITests.m */; };
		9F93905822D5E8E900DAD186 /* TestBasis.xcassets in Resources */ = {isa = PBXBuildFile; fileRef = 9F93905722D5E8E900DAD186 /* TestBasis.xcassets */; };
		9FA7E36522D859ED00332E45 /* RequestTool.m in Sources */ = {isa = PBXBuildFile; fileRef = 9FA7E36422D859ED00332E45 /* RequestTool.m */; };
		9FA7E36922D859FC00332E45 /* BasisTool.m in Sources */ = {isa = PBXBuildFile; fileRef = 9FA7E36722D859FC00332E45 /* BasisTool.m */; };
		9FACB93122DEBE3D0025F181 /* CTMediator+TestB.m in Sources */ = {isa = PBXBuildFile; fileRef = 9FACB93022DEBE3D0025F181 /* CTMediator+TestB.m */; };
		9FACB93422DEBE690025F181 /* CTMediator+TestC.m in Sources */ = {isa = PBXBuildFile; fileRef = 9FACB93322DEBE690025F181 /* CTMediator+TestC.m */; };
		9FACB93722DEBE970025F181 /* CTMediator+TestA.m in Sources */ = {isa = PBXBuildFile; fileRef = 9FACB93622DEBE970025F181 /* CTMediator+TestA.m */; };
		9FF839542490828800C7A6E6 /* ZBRouter.m in Sources */ = {isa = PBXBuildFile; fileRef = 9FF839532490828800C7A6E6 /* ZBRouter.m */; };
		A6BE6594C467C9205AB87C7F /* libPods-TestBasis.a in Frameworks */ = {isa = PBXBuildFile; fileRef = 44241156346931E08D40FB80 /* libPods-TestBasis.a */; };
/* End PBXBuildFile section */

/* Begin PBXContainerItemProxy section */
		9F93903122D5DA0C00DAD186 /* PBXContainerItemProxy */ = {
			isa = PBXContainerItemProxy;
			containerPortal = 9F93901022D5DA0A00DAD186 /* Project object */;
			proxyType = 1;
			remoteGlobalIDString = 9F93901722D5DA0A00DAD186;
			remoteInfo = TestBasis;
		};
		9F93903C22D5DA0C00DAD186 /* PBXContainerItemProxy */ = {
			isa = PBXContainerItemProxy;
			containerPortal = 9F93901022D5DA0A00DAD186 /* Project object */;
			proxyType = 1;
			remoteGlobalIDString = 9F93901722D5DA0A00DAD186;
			remoteInfo = TestBasis;
		};
/* End PBXContainerItemProxy section */

/* Begin PBXFileReference section */
		44241156346931E08D40FB80 /* libPods-TestBasis.a */ = {isa = PBXFileReference; explicitFileType = archive.ar; includeInIndex = 0; path = "libPods-TestBasis.a"; sourceTree = BUILT_PRODUCTS_DIR; };
		62149119196A6C15809FF4C4 /* Pods-TestBasis.debug.xcconfig */ = {isa = PBXFileReference; includeInIndex = 1; lastKnownFileType = text.xcconfig; name = "Pods-TestBasis.debug.xcconfig"; path = "Target Support Files/Pods-TestBasis/Pods-TestBasis.debug.xcconfig"; sourceTree = "<group>"; };
		9F64D118230F8AC6003FEBFA /* UIImage+imageWithName.h */ = {isa = PBXFileReference; lastKnownFileType = sourcecode.c.h; path = "UIImage+imageWithName.h"; sourceTree = "<group>"; };
		9F64D119230F8AC6003FEBFA /* UIImage+imageWithName.m */ = {isa = PBXFileReference; lastKnownFileType = sourcecode.c.objc; path = "UIImage+imageWithName.m"; sourceTree = "<group>"; };
		9F64D11B230F8B1F003FEBFA /* NSBundle+ImageBundleName.h */ = {isa = PBXFileReference; lastKnownFileType = sourcecode.c.h; path = "NSBundle+ImageBundleName.h"; sourceTree = "<group>"; };
		9F64D11C230F8B1F003FEBFA /* NSBundle+ImageBundleName.m */ = {isa = PBXFileReference; lastKnownFileType = sourcecode.c.objc; path = "NSBundle+ImageBundleName.m"; sourceTree = "<group>"; };
		9F93901822D5DA0A00DAD186 /* TestBasis.app */ = {isa = PBXFileReference; explicitFileType = wrapper.application; includeInIndex = 0; path = TestBasis.app; sourceTree = BUILT_PRODUCTS_DIR; };
		9F93901B22D5DA0A00DAD186 /* AppDelegate.h */ = {isa = PBXFileReference; lastKnownFileType = sourcecode.c.h; path = AppDelegate.h; sourceTree = "<group>"; };
		9F93901C22D5DA0A00DAD186 /* AppDelegate.m */ = {isa = PBXFileReference; lastKnownFileType = sourcecode.c.objc; path = AppDelegate.m; sourceTree = "<group>"; };
		9F93901E22D5DA0A00DAD186 /* ViewController.h */ = {isa = PBXFileReference; lastKnownFileType = sourcecode.c.h; path = ViewController.h; sourceTree = "<group>"; };
		9F93901F22D5DA0A00DAD186 /* ViewController.m */ = {isa = PBXFileReference; lastKnownFileType = sourcecode.c.objc; path = ViewController.m; sourceTree = "<group>"; };
		9F93902222D5DA0A00DAD186 /* Base */ = {isa = PBXFileReference; lastKnownFileType = file.storyboard; name = Base; path = Base.lproj/Main.storyboard; sourceTree = "<group>"; };
		9F93902422D5DA0B00DAD186 /* Assets.xcassets */ = {isa = PBXFileReference; lastKnownFileType = folder.assetcatalog; path = Assets.xcassets; sourceTree = "<group>"; };
		9F93902722D5DA0B00DAD186 /* Base */ = {isa = PBXFileReference; lastKnownFileType = file.storyboard; name = Base; path = Base.lproj/LaunchScreen.storyboard; sourceTree = "<group>"; };
		9F93902922D5DA0B00DAD186 /* Info.plist */ = {isa = PBXFileReference; lastKnownFileType = text.plist.xml; path = Info.plist; sourceTree = "<group>"; };
		9F93902A22D5DA0B00DAD186 /* main.m */ = {isa = PBXFileReference; lastKnownFileType = sourcecode.c.objc; path = main.m; sourceTree = "<group>"; };
		9F93903022D5DA0C00DAD186 /* TestBasisTests.xctest */ = {isa = PBXFileReference; explicitFileType = wrapper.cfbundle; includeInIndex = 0; path = TestBasisTests.xctest; sourceTree = BUILT_PRODUCTS_DIR; };
		9F93903422D5DA0C00DAD186 /* TestBasisTests.m */ = {isa = PBXFileReference; lastKnownFileType = sourcecode.c.objc; path = TestBasisTests.m; sourceTree = "<group>"; };
		9F93903622D5DA0C00DAD186 /* Info.plist */ = {isa = PBXFileReference; lastKnownFileType = text.plist.xml; path = Info.plist; sourceTree = "<group>"; };
		9F93903B22D5DA0C00DAD186 /* TestBasisUITests.xctest */ = {isa = PBXFileReference; explicitFileType = wrapper.cfbundle; includeInIndex = 0; path = TestBasisUITests.xctest; sourceTree = BUILT_PRODUCTS_DIR; };
		9F93903F22D5DA0C00DAD186 /* TestBasisUITests.m */ = {isa = PBXFileReference; lastKnownFileType = sourcecode.c.objc; path = TestBasisUITests.m; sourceTree = "<group>"; };
		9F93904122D5DA0C00DAD186 /* Info.plist */ = {isa = PBXFileReference; lastKnownFileType = text.plist.xml; path = Info.plist; sourceTree = "<group>"; };
		9F93905622D5E59900DAD186 /* TestBasisHeader.h */ = {isa = PBXFileReference; lastKnownFileType = sourcecode.c.h; path = TestBasisHeader.h; sourceTree = "<group>"; };
		9F93905722D5E8E900DAD186 /* TestBasis.xcassets */ = {isa = PBXFileReference; lastKnownFileType = folder.assetcatalog; path = TestBasis.xcassets; sourceTree = "<group>"; };
		9FA7E36322D859ED00332E45 /* RequestTool.h */ = {isa = PBXFileReference; fileEncoding = 4; lastKnownFileType = sourcecode.c.h; path = RequestTool.h; sourceTree = "<group>"; };
		9FA7E36422D859ED00332E45 /* RequestTool.m */ = {isa = PBXFileReference; fileEncoding = 4; lastKnownFileType = sourcecode.c.objc; path = RequestTool.m; sourceTree = "<group>"; };
		9FA7E36722D859FC00332E45 /* BasisTool.m */ = {isa = PBXFileReference; fileEncoding = 4; lastKnownFileType = sourcecode.c.objc; path = BasisTool.m; sourceTree = "<group>"; };
		9FA7E36822D859FC00332E45 /* BasisTool.h */ = {isa = PBXFileReference; fileEncoding = 4; lastKnownFileType = sourcecode.c.h; path = BasisTool.h; sourceTree = "<group>"; };
		9FACB92F22DEBE3D0025F181 /* CTMediator+TestB.h */ = {isa = PBXFileReference; lastKnownFileType = sourcecode.c.h; path = "CTMediator+TestB.h"; sourceTree = "<group>"; };
		9FACB93022DEBE3D0025F181 /* CTMediator+TestB.m */ = {isa = PBXFileReference; lastKnownFileType = sourcecode.c.objc; path = "CTMediator+TestB.m"; sourceTree = "<group>"; };
		9FACB93222DEBE690025F181 /* CTMediator+TestC.h */ = {isa = PBXFileReference; lastKnownFileType = sourcecode.c.h; path = "CTMediator+TestC.h"; sourceTree = "<group>"; };
		9FACB93322DEBE690025F181 /* CTMediator+TestC.m */ = {isa = PBXFileReference; lastKnownFileType = sourcecode.c.objc; path = "CTMediator+TestC.m"; sourceTree = "<group>"; };
		9FACB93522DEBE970025F181 /* CTMediator+TestA.h */ = {isa = PBXFileReference; lastKnownFileType = sourcecode.c.h; path = "CTMediator+TestA.h"; sourceTree = "<group>"; };
		9FACB93622DEBE970025F181 /* CTMediator+TestA.m */ = {isa = PBXFileReference; lastKnownFileType = sourcecode.c.objc; path = "CTMediator+TestA.m"; sourceTree = "<group>"; };
		9FF839522490828800C7A6E6 /* ZBRouter.h */ = {isa = PBXFileReference; lastKnownFileType = sourcecode.c.h; path = ZBRouter.h; sourceTree = "<group>"; };
		9FF839532490828800C7A6E6 /* ZBRouter.m */ = {isa = PBXFileReference; lastKnownFileType = sourcecode.c.objc; path = ZBRouter.m; sourceTree = "<group>"; };
		F3AF4D5E4398381ADB2BD469 /* Pods-TestBasis.release.xcconfig */ = {isa = PBXFileReference; includeInIndex = 1; lastKnownFileType = text.xcconfig; name = "Pods-TestBasis.release.xcconfig"; path = "Target Support Files/Pods-TestBasis/Pods-TestBasis.release.xcconfig"; sourceTree = "<group>"; };
/* End PBXFileReference section */

/* Begin PBXFrameworksBuildPhase section */
		9F93901522D5DA0A00DAD186 /* Frameworks */ = {
			isa = PBXFrameworksBuildPhase;
			buildActionMask = 2147483647;
			files = (
				A6BE6594C467C9205AB87C7F /* libPods-TestBasis.a in Frameworks */,
			);
			runOnlyForDeploymentPostprocessing = 0;
		};
		9F93902D22D5DA0C00DAD186 /* Frameworks */ = {
			isa = PBXFrameworksBuildPhase;
			buildActionMask = 2147483647;
			files = (
			);
			runOnlyForDeploymentPostprocessing = 0;
		};
		9F93903822D5DA0C00DAD186 /* Frameworks */ = {
			isa = PBXFrameworksBuildPhase;
			buildActionMask = 2147483647;
			files = (
			);
			runOnlyForDeploymentPostprocessing = 0;
		};
/* End PBXFrameworksBuildPhase section */

/* Begin PBXGroup section */
		9F93900F22D5DA0A00DAD186 = {
			isa = PBXGroup;
			children = (
				9F93901A22D5DA0A00DAD186 /* TestBasis */,
				9F93903322D5DA0C00DAD186 /* TestBasisTests */,
				9F93903E22D5DA0C00DAD186 /* TestBasisUITests */,
				9F93901922D5DA0A00DAD186 /* Products */,
				F612BA308B28046E3CF6F216 /* Pods */,
				D38EDFC01BECDC7108F0B287 /* Frameworks */,
			);
			sourceTree = "<group>";
		};
		9F93901922D5DA0A00DAD186 /* Products */ = {
			isa = PBXGroup;
			children = (
				9F93901822D5DA0A00DAD186 /* TestBasis.app */,
				9F93903022D5DA0C00DAD186 /* TestBasisTests.xctest */,
				9F93903B22D5DA0C00DAD186 /* TestBasisUITests.xctest */,
			);
			name = Products;
			sourceTree = "<group>";
		};
		9F93901A22D5DA0A00DAD186 /* TestBasis */ = {
			isa = PBXGroup;
			children = (
				9F93904D22D5E4AD00DAD186 /* Classes */,
				9F93901B22D5DA0A00DAD186 /* AppDelegate.h */,
				9F93901C22D5DA0A00DAD186 /* AppDelegate.m */,
				9F93901E22D5DA0A00DAD186 /* ViewController.h */,
				9F93901F22D5DA0A00DAD186 /* ViewController.m */,
				9F93902122D5DA0A00DAD186 /* Main.storyboard */,
				9F93902422D5DA0B00DAD186 /* Assets.xcassets */,
				9F93902622D5DA0B00DAD186 /* LaunchScreen.storyboard */,
				9F93902922D5DA0B00DAD186 /* Info.plist */,
				9F93902A22D5DA0B00DAD186 /* main.m */,
			);
			path = TestBasis;
			sourceTree = "<group>";
		};
		9F93903322D5DA0C00DAD186 /* TestBasisTests */ = {
			isa = PBXGroup;
			children = (
				9F93903422D5DA0C00DAD186 /* TestBasisTests.m */,
				9F93903622D5DA0C00DAD186 /* Info.plist */,
			);
			path = TestBasisTests;
			sourceTree = "<group>";
		};
		9F93903E22D5DA0C00DAD186 /* TestBasisUITests */ = {
			isa = PBXGroup;
			children = (
				9F93903F22D5DA0C00DAD186 /* TestBasisUITests.m */,
				9F93904122D5DA0C00DAD186 /* Info.plist */,
			);
			path = TestBasisUITests;
			sourceTree = "<group>";
		};
		9F93904D22D5E4AD00DAD186 /* Classes */ = {
			isa = PBXGroup;
			children = (
				9FB27806239DD9BE002B4913 /* Utility */,
				9FA7E36622D859FC00332E45 /* BasisTool */,
				9FA7E36222D859ED00332E45 /* RequestTool */,
			);
			path = Classes;
			sourceTree = "<group>";
		};
		9FA7E36222D859ED00332E45 /* RequestTool */ = {
			isa = PBXGroup;
			children = (
				9FA7E36322D859ED00332E45 /* RequestTool.h */,
				9FA7E36422D859ED00332E45 /* RequestTool.m */,
			);
			path = RequestTool;
			sourceTree = "<group>";
		};
		9FA7E36622D859FC00332E45 /* BasisTool */ = {
			isa = PBXGroup;
			children = (
				9FA7E36822D859FC00332E45 /* BasisTool.h */,
				9FA7E36722D859FC00332E45 /* BasisTool.m */,
			);
			path = BasisTool;
			sourceTree = "<group>";
		};
		9FACB92E22DEBE150025F181 /* CTMediator_Category */ = {
			isa = PBXGroup;
			children = (
				9FACB92F22DEBE3D0025F181 /* CTMediator+TestB.h */,
				9FACB93022DEBE3D0025F181 /* CTMediator+TestB.m */,
				9FACB93222DEBE690025F181 /* CTMediator+TestC.h */,
				9FACB93322DEBE690025F181 /* CTMediator+TestC.m */,
				9FACB93522DEBE970025F181 /* CTMediator+TestA.h */,
				9FACB93622DEBE970025F181 /* CTMediator+TestA.m */,
			);
			path = CTMediator_Category;
			sourceTree = "<group>";
		};
		9FB27806239DD9BE002B4913 /* Utility */ = {
			isa = PBXGroup;
			children = (
				9FF839522490828800C7A6E6 /* ZBRouter.h */,
				9FF839532490828800C7A6E6 /* ZBRouter.m */,
				9FACB92E22DEBE150025F181 /* CTMediator_Category */,
				9F93905722D5E8E900DAD186 /* TestBasis.xcassets */,
				9F93905622D5E59900DAD186 /* TestBasisHeader.h */,
				9F64D118230F8AC6003FEBFA /* UIImage+imageWithName.h */,
				9F64D119230F8AC6003FEBFA /* UIImage+imageWithName.m */,
				9F64D11B230F8B1F003FEBFA /* NSBundle+ImageBundleName.h */,
				9F64D11C230F8B1F003FEBFA /* NSBundle+ImageBundleName.m */,
			);
			path = Utility;
			sourceTree = "<group>";
		};
		D38EDFC01BECDC7108F0B287 /* Frameworks */ = {
			isa = PBXGroup;
			children = (
				44241156346931E08D40FB80 /* libPods-TestBasis.a */,
			);
			name = Frameworks;
			sourceTree = "<group>";
		};
		F612BA308B28046E3CF6F216 /* Pods */ = {
			isa = PBXGroup;
			children = (
				62149119196A6C15809FF4C4 /* Pods-TestBasis.debug.xcconfig */,
				F3AF4D5E4398381ADB2BD469 /* Pods-TestBasis.release.xcconfig */,
			);
			name = Pods;
			path = ../Pods;
			sourceTree = "<group>";
		};
/* End PBXGroup section */

/* Begin PBXNativeTarget section */
		9F93901722D5DA0A00DAD186 /* TestBasis */ = {
			isa = PBXNativeTarget;
			buildConfigurationList = 9F93904422D5DA0C00DAD186 /* Build configuration list for PBXNativeTarget "TestBasis" */;
			buildPhases = (
				CF4CD83B88120D884F2CB0F2 /* [CP] Check Pods Manifest.lock */,
				9F93901422D5DA0A00DAD186 /* Sources */,
				9F93901522D5DA0A00DAD186 /* Frameworks */,
				9F93901622D5DA0A00DAD186 /* Resources */,
			);
			buildRules = (
			);
			dependencies = (
			);
			name = TestBasis;
			productName = TestBasis;
			productReference = 9F93901822D5DA0A00DAD186 /* TestBasis.app */;
			productType = "com.apple.product-type.application";
		};
		9F93902F22D5DA0C00DAD186 /* TestBasisTests */ = {
			isa = PBXNativeTarget;
			buildConfigurationList = 9F93904722D5DA0C00DAD186 /* Build configuration list for PBXNativeTarget "TestBasisTests" */;
			buildPhases = (
				9F93902C22D5DA0C00DAD186 /* Sources */,
				9F93902D22D5DA0C00DAD186 /* Frameworks */,
				9F93902E22D5DA0C00DAD186 /* Resources */,
			);
			buildRules = (
			);
			dependencies = (
				9F93903222D5DA0C00DAD186 /* PBXTargetDependency */,
			);
			name = TestBasisTests;
			productName = TestBasisTests;
			productReference = 9F93903022D5DA0C00DAD186 /* TestBasisTests.xctest */;
			productType = "com.apple.product-type.bundle.unit-test";
		};
		9F93903A22D5DA0C00DAD186 /* TestBasisUITests */ = {
			isa = PBXNativeTarget;
			buildConfigurationList = 9F93904A22D5DA0C00DAD186 /* Build configuration list for PBXNativeTarget "TestBasisUITests" */;
			buildPhases = (
				9F93903722D5DA0C00DAD186 /* Sources */,
				9F93903822D5DA0C00DAD186 /* Frameworks */,
				9F93903922D5DA0C00DAD186 /* Resources */,
			);
			buildRules = (
			);
			dependencies = (
				9F93903D22D5DA0C00DAD186 /* PBXTargetDependency */,
			);
			name = TestBasisUITests;
			productName = TestBasisUITests;
			productReference = 9F93903B22D5DA0C00DAD186 /* TestBasisUITests.xctest */;
			productType = "com.apple.product-type.bundle.ui-testing";
		};
/* End PBXNativeTarget section */

/* Begin PBXProject section */
		9F93901022D5DA0A00DAD186 /* Project object */ = {
			isa = PBXProject;
			attributes = {
				LastUpgradeCheck = 1020;
				ORGANIZATIONNAME = Suzhibin;
				TargetAttributes = {
					9F93901722D5DA0A00DAD186 = {
						CreatedOnToolsVersion = 10.2.1;
					};
					9F93902F22D5DA0C00DAD186 = {
						CreatedOnToolsVersion = 10.2.1;
						TestTargetID = 9F93901722D5DA0A00DAD186;
					};
					9F93903A22D5DA0C00DAD186 = {
						CreatedOnToolsVersion = 10.2.1;
						TestTargetID = 9F93901722D5DA0A00DAD186;
					};
				};
			};
			buildConfigurationList = 9F93901322D5DA0A00DAD186 /* Build configuration list for PBXProject "TestBasis" */;
			compatibilityVersion = "Xcode 9.3";
			developmentRegion = en;
			hasScannedForEncodings = 0;
			knownRegions = (
				en,
				Base,
			);
			mainGroup = 9F93900F22D5DA0A00DAD186;
			productRefGroup = 9F93901922D5DA0A00DAD186 /* Products */;
			projectDirPath = "";
			projectRoot = "";
			targets = (
				9F93901722D5DA0A00DAD186 /* TestBasis */,
				9F93902F22D5DA0C00DAD186 /* TestBasisTests */,
				9F93903A22D5DA0C00DAD186 /* TestBasisUITests */,
			);
		};
/* End PBXProject section */

/* Begin PBXResourcesBuildPhase section */
		9F93901622D5DA0A00DAD186 /* Resources */ = {
			isa = PBXResourcesBuildPhase;
			buildActionMask = 2147483647;
			files = (
				9F93905822D5E8E900DAD186 /* TestBasis.xcassets in Resources */,
				9F93902822D5DA0B00DAD186 /* LaunchScreen.storyboard in Resources */,
				9F93902522D5DA0B00DAD186 /* Assets.xcassets in Resources */,
				9F93902322D5DA0A00DAD186 /* Main.storyboard in Resources */,
			);
			runOnlyForDeploymentPostprocessing = 0;
		};
		9F93902E22D5DA0C00DAD186 /* Resources */ = {
			isa = PBXResourcesBuildPhase;
			buildActionMask = 2147483647;
			files = (
			);
			runOnlyForDeploymentPostprocessing = 0;
		};
		9F93903922D5DA0C00DAD186 /* Resources */ = {
			isa = PBXResourcesBuildPhase;
			buildActionMask = 2147483647;
			files = (
			);
			runOnlyForDeploymentPostprocessing = 0;
		};
/* End PBXResourcesBuildPhase section */

/* Begin PBXShellScriptBuildPhase section */
		CF4CD83B88120D884F2CB0F2 /* [CP] Check Pods Manifest.lock */ = {
			isa = PBXShellScriptBuildPhase;
			buildActionMask = 2147483647;
			files = (
			);
			inputFileListPaths = (
			);
			inputPaths = (
				"${PODS_PODFILE_DIR_PATH}/Podfile.lock",
				"${PODS_ROOT}/Manifest.lock",
			);
			name = "[CP] Check Pods Manifest.lock";
			outputFileListPaths = (
			);
			outputPaths = (
				"$(DERIVED_FILE_DIR)/Pods-TestBasis-checkManifestLockResult.txt",
			);
			runOnlyForDeploymentPostprocessing = 0;
			shellPath = /bin/sh;
			shellScript = "diff \"${PODS_PODFILE_DIR_PATH}/Podfile.lock\" \"${PODS_ROOT}/Manifest.lock\" > /dev/null\nif [ $? != 0 ] ; then\n    # print error to STDERR\n    echo \"error: The sandbox is not in sync with the Podfile.lock. Run 'pod install' or update your CocoaPods installation.\" >&2\n    exit 1\nfi\n# This output is used by Xcode 'outputs' to avoid re-running this script phase.\necho \"SUCCESS\" > \"${SCRIPT_OUTPUT_FILE_0}\"\n";
			showEnvVarsInLog = 0;
		};
/* End PBXShellScriptBuildPhase section */

/* Begin PBXSourcesBuildPhase section */
		9F93901422D5DA0A00DAD186 /* Sources */ = {
			isa = PBXSourcesBuildPhase;
			buildActionMask = 2147483647;
			files = (
				9F64D11A230F8AC6003FEBFA /* UIImage+imageWithName.m in Sources */,
				9F93902022D5DA0A00DAD186 /* ViewController.m in Sources */,
				9FA7E36522D859ED00332E45 /* RequestTool.m in Sources */,
				9FA7E36922D859FC00332E45 /* BasisTool.m in Sources */,
				9FACB93122DEBE3D0025F181 /* CTMediator+TestB.m in Sources */,
				9FF839542490828800C7A6E6 /* ZBRouter.m in Sources */,
				9F93902B22D5DA0B00DAD186 /* main.m in Sources */,
				9F93901D22D5DA0A00DAD186 /* AppDelegate.m in Sources */,
				9FACB93422DEBE690025F181 /* CTMediator+TestC.m in Sources */,
				9FACB93722DEBE970025F181 /* CTMediator+TestA.m in Sources */,
				9F64D11D230F8B1F003FEBFA /* NSBundle+ImageBundleName.m in Sources */,
			);
			runOnlyForDeploymentPostprocessing = 0;
		};
		9F93902C22D5DA0C00DAD186 /* Sources */ = {
			isa = PBXSourcesBuildPhase;
			buildActionMask = 2147483647;
			files = (
				9F93903522D5DA0C00DAD186 /* TestBasisTests.m in Sources */,
			);
			runOnlyForDeploymentPostprocessing = 0;
		};
		9F93903722D5DA0C00DAD186 /* Sources */ = {
			isa = PBXSourcesBuildPhase;
			buildActionMask = 2147483647;
			files = (
				9F93904022D5DA0C00DAD186 /* TestBasisUITests.m in Sources */,
			);
			runOnlyForDeploymentPostprocessing = 0;
		};
/* End PBXSourcesBuildPhase section */

/* Begin PBXTargetDependency section */
		9F93903222D5DA0C00DAD186 /* PBXTargetDependency */ = {
			isa = PBXTargetDependency;
			target = 9F93901722D5DA0A00DAD186 /* TestBasis */;
			targetProxy = 9F93903122D5DA0C00DAD186 /* PBXContainerItemProxy */;
		};
		9F93903D22D5DA0C00DAD186 /* PBXTargetDependency */ = {
			isa = PBXTargetDependency;
			target = 9F93901722D5DA0A00DAD186 /* TestBasis */;
			targetProxy = 9F93903C22D5DA0C00DAD186 /* PBXContainerItemProxy */;
		};
/* End PBXTargetDependency section */

/* Begin PBXVariantGroup section */
		9F93902122D5DA0A00DAD186 /* Main.storyboard */ = {
			isa = PBXVariantGroup;
			children = (
				9F93902222D5DA0A00DAD186 /* Base */,
			);
			name = Main.storyboard;
			sourceTree = "<group>";
		};
		9F93902622D5DA0B00DAD186 /* LaunchScreen.storyboard */ = {
			isa = PBXVariantGroup;
			children = (
				9F93902722D5DA0B00DAD186 /* Base */,
			);
			name = LaunchScreen.storyboard;
			sourceTree = "<group>";
		};
/* End PBXVariantGroup section */

/* Begin XCBuildConfiguration section */
		9F93904222D5DA0C00DAD186 /* Debug */ = {
			isa = XCBuildConfiguration;
			buildSettings = {
				ALWAYS_SEARCH_USER_PATHS = NO;
				CLANG_ANALYZER_NONNULL = YES;
				CLANG_ANALYZER_NUMBER_OBJECT_CONVERSION = YES_AGGRESSIVE;
				CLANG_CXX_LANGUAGE_STANDARD = "gnu++14";
				CLANG_CXX_LIBRARY = "libc++";
				CLANG_ENABLE_MODULES = YES;
				CLANG_ENABLE_OBJC_ARC = YES;
				CLANG_ENABLE_OBJC_WEAK = YES;
				CLANG_WARN_BLOCK_CAPTURE_AUTORELEASING = YES;
				CLANG_WARN_BOOL_CONVERSION = YES;
				CLANG_WARN_COMMA = YES;
				CLANG_WARN_CONSTANT_CONVERSION = YES;
				CLANG_WARN_DEPRECATED_OBJC_IMPLEMENTATIONS = YES;
				CLANG_WARN_DIRECT_OBJC_ISA_USAGE = YES_ERROR;
				CLANG_WARN_DOCUMENTATION_COMMENTS = YES;
				CLANG_WARN_EMPTY_BODY = YES;
				CLANG_WARN_ENUM_CONVERSION = YES;
				CLANG_WARN_INFINITE_RECURSION = YES;
				CLANG_WARN_INT_CONVERSION = YES;
				CLANG_WARN_NON_LITERAL_NULL_CONVERSION = YES;
				CLANG_WARN_OBJC_IMPLICIT_RETAIN_SELF = YES;
				CLANG_WARN_OBJC_LITERAL_CONVERSION = YES;
				CLANG_WARN_OBJC_ROOT_CLASS = YES_ERROR;
				CLANG_WARN_RANGE_LOOP_ANALYSIS = YES;
				CLANG_WARN_STRICT_PROTOTYPES = YES;
				CLANG_WARN_SUSPICIOUS_MOVE = YES;
				CLANG_WARN_UNGUARDED_AVAILABILITY = YES_AGGRESSIVE;
				CLANG_WARN_UNREACHABLE_CODE = YES;
				CLANG_WARN__DUPLICATE_METHOD_MATCH = YES;
				CODE_SIGN_IDENTITY = "iPhone Developer";
				COPY_PHASE_STRIP = NO;
				DEBUG_INFORMATION_FORMAT = dwarf;
				ENABLE_STRICT_OBJC_MSGSEND = YES;
				ENABLE_TESTABILITY = YES;
				GCC_C_LANGUAGE_STANDARD = gnu11;
				GCC_DYNAMIC_NO_PIC = NO;
				GCC_NO_COMMON_BLOCKS = YES;
				GCC_OPTIMIZATION_LEVEL = 0;
				GCC_PREPROCESSOR_DEFINITIONS = (
					"DEBUG=1",
					"$(inherited)",
				);
				GCC_WARN_64_TO_32_BIT_CONVERSION = YES;
				GCC_WARN_ABOUT_RETURN_TYPE = YES_ERROR;
				GCC_WARN_UNDECLARED_SELECTOR = YES;
				GCC_WARN_UNINITIALIZED_AUTOS = YES_AGGRESSIVE;
				GCC_WARN_UNUSED_FUNCTION = YES;
				GCC_WARN_UNUSED_VARIABLE = YES;
				IPHONEOS_DEPLOYMENT_TARGET = 12.2;
				MTL_ENABLE_DEBUG_INFO = INCLUDE_SOURCE;
				MTL_FAST_MATH = YES;
				ONLY_ACTIVE_ARCH = YES;
				SDKROOT = iphoneos;
			};
			name = Debug;
		};
		9F93904322D5DA0C00DAD186 /* Release */ = {
			isa = XCBuildConfiguration;
			buildSettings = {
				ALWAYS_SEARCH_USER_PATHS = NO;
				CLANG_ANALYZER_NONNULL = YES;
				CLANG_ANALYZER_NUMBER_OBJECT_CONVERSION = YES_AGGRESSIVE;
				CLANG_CXX_LANGUAGE_STANDARD = "gnu++14";
				CLANG_CXX_LIBRARY = "libc++";
				CLANG_ENABLE_MODULES = YES;
				CLANG_ENABLE_OBJC_ARC = YES;
				CLANG_ENABLE_OBJC_WEAK = YES;
				CLANG_WARN_BLOCK_CAPTURE_AUTORELEASING = YES;
				CLANG_WARN_BOOL_CONVERSION = YES;
				CLANG_WARN_COMMA = YES;
				CLANG_WARN_CONSTANT_CONVERSION = YES;
				CLANG_WARN_DEPRECATED_OBJC_IMPLEMENTATIONS = YES;
				CLANG_WARN_DIRECT_OBJC_ISA_USAGE = YES_ERROR;
				CLANG_WARN_DOCUMENTATION_COMMENTS = YES;
				CLANG_WARN_EMPTY_BODY = YES;
				CLANG_WARN_ENUM_CONVERSION = YES;
				CLANG_WARN_INFINITE_RECURSION = YES;
				CLANG_WARN_INT_CONVERSION = YES;
				CLANG_WARN_NON_LITERAL_NULL_CONVERSION = YES;
				CLANG_WARN_OBJC_IMPLICIT_RETAIN_SELF = YES;
				CLANG_WARN_OBJC_LITERAL_CONVERSION = YES;
				CLANG_WARN_OBJC_ROOT_CLASS = YES_ERROR;
				CLANG_WARN_RANGE_LOOP_ANALYSIS = YES;
				CLANG_WARN_STRICT_PROTOTYPES = YES;
				CLANG_WARN_SUSPICIOUS_MOVE = YES;
				CLANG_WARN_UNGUARDED_AVAILABILITY = YES_AGGRESSIVE;
				CLANG_WARN_UNREACHABLE_CODE = YES;
				CLANG_WARN__DUPLICATE_METHOD_MATCH = YES;
				CODE_SIGN_IDENTITY = "iPhone Developer";
				COPY_PHASE_STRIP = NO;
				DEBUG_INFORMATION_FORMAT = "dwarf-with-dsym";
				ENABLE_NS_ASSERTIONS = NO;
				ENABLE_STRICT_OBJC_MSGSEND = YES;
				GCC_C_LANGUAGE_STANDARD = gnu11;
				GCC_NO_COMMON_BLOCKS = YES;
				GCC_WARN_64_TO_32_BIT_CONVERSION = YES;
				GCC_WARN_ABOUT_RETURN_TYPE = YES_ERROR;
				GCC_WARN_UNDECLARED_SELECTOR = YES;
				GCC_WARN_UNINITIALIZED_AUTOS = YES_AGGRESSIVE;
				GCC_WARN_UNUSED_FUNCTION = YES;
				GCC_WARN_UNUSED_VARIABLE = YES;
				IPHONEOS_DEPLOYMENT_TARGET = 12.2;
				MTL_ENABLE_DEBUG_INFO = NO;
				MTL_FAST_MATH = YES;
				SDKROOT = iphoneos;
				VALIDATE_PRODUCT = YES;
			};
			name = Release;
		};
		9F93904522D5DA0C00DAD186 /* Debug */ = {
			isa = XCBuildConfiguration;
			baseConfigurationReference = 62149119196A6C15809FF4C4 /* Pods-TestBasis.debug.xcconfig */;
			buildSettings = {
				ASSETCATALOG_COMPILER_APPICON_NAME = AppIcon;
				CODE_SIGN_STYLE = Automatic;
				INFOPLIST_FILE = TestBasis/Info.plist;
				LD_RUNPATH_SEARCH_PATHS = (
					"$(inherited)",
					"@executable_path/Frameworks",
				);
				PRODUCT_BUNDLE_IDENTIFIER = com.github.TestBasis;
				PRODUCT_NAME = "$(TARGET_NAME)";
				TARGETED_DEVICE_FAMILY = "1,2";
			};
			name = Debug;
		};
		9F93904622D5DA0C00DAD186 /* Release */ = {
			isa = XCBuildConfiguration;
			baseConfigurationReference = F3AF4D5E4398381ADB2BD469 /* Pods-TestBasis.release.xcconfig */;
			buildSettings = {
				ASSETCATALOG_COMPILER_APPICON_NAME = AppIcon;
				CODE_SIGN_STYLE = Automatic;
				INFOPLIST_FILE = TestBasis/Info.plist;
				LD_RUNPATH_SEARCH_PATHS = (
					"$(inherited)",
					"@executable_path/Frameworks",
				);
				PRODUCT_BUNDLE_IDENTIFIER = com.github.TestBasis;
				PRODUCT_NAME = "$(TARGET_NAME)";
				TARGETED_DEVICE_FAMILY = "1,2";
			};
			name = Release;
		};
		9F93904822D5DA0C00DAD186 /* Debug */ = {
			isa = XCBuildConfiguration;
			buildSettings = {
				BUNDLE_LOADER = "$(TEST_HOST)";
				CODE_SIGN_STYLE = Automatic;
				INFOPLIST_FILE = TestBasisTests/Info.plist;
				LD_RUNPATH_SEARCH_PATHS = (
					"$(inherited)",
					"@executable_path/Frameworks",
					"@loader_path/Frameworks",
				);
				PRODUCT_BUNDLE_IDENTIFIER = com.gitee.TestBasisTests;
				PRODUCT_NAME = "$(TARGET_NAME)";
				TARGETED_DEVICE_FAMILY = "1,2";
				TEST_HOST = "$(BUILT_PRODUCTS_DIR)/TestBasis.app/TestBasis";
			};
			name = Debug;
		};
		9F93904922D5DA0C00DAD186 /* Release */ = {
			isa = XCBuildConfiguration;
			buildSettings = {
				BUNDLE_LOADER = "$(TEST_HOST)";
				CODE_SIGN_STYLE = Automatic;
				INFOPLIST_FILE = TestBasisTests/Info.plist;
				LD_RUNPATH_SEARCH_PATHS = (
					"$(inherited)",
					"@executable_path/Frameworks",
					"@loader_path/Frameworks",
				);
				PRODUCT_BUNDLE_IDENTIFIER = com.gitee.TestBasisTests;
				PRODUCT_NAME = "$(TARGET_NAME)";
				TARGETED_DEVICE_FAMILY = "1,2";
				TEST_HOST = "$(BUILT_PRODUCTS_DIR)/TestBasis.app/TestBasis";
			};
			name = Release;
		};
		9F93904B22D5DA0C00DAD186 /* Debug */ = {
			isa = XCBuildConfiguration;
			buildSettings = {
				CODE_SIGN_STYLE = Automatic;
				INFOPLIST_FILE = TestBasisUITests/Info.plist;
				LD_RUNPATH_SEARCH_PATHS = (
					"$(inherited)",
					"@executable_path/Frameworks",
					"@loader_path/Frameworks",
				);
				PRODUCT_BUNDLE_IDENTIFIER = com.gitee.TestBasisUITests;
				PRODUCT_NAME = "$(TARGET_NAME)";
				TARGETED_DEVICE_FAMILY = "1,2";
				TEST_TARGET_NAME = TestBasis;
			};
			name = Debug;
		};
		9F93904C22D5DA0C00DAD186 /* Release */ = {
			isa = XCBuildConfiguration;
			buildSettings = {
				CODE_SIGN_STYLE = Automatic;
				INFOPLIST_FILE = TestBasisUITests/Info.plist;
				LD_RUNPATH_SEARCH_PATHS = (
					"$(inherited)",
					"@executable_path/Frameworks",
					"@loader_path/Frameworks",
				);
				PRODUCT_BUNDLE_IDENTIFIER = com.gitee.TestBasisUITests;
				PRODUCT_NAME = "$(TARGET_NAME)";
				TARGETED_DEVICE_FAMILY = "1,2";
				TEST_TARGET_NAME = TestBasis;
			};
			name = Release;
		};
/* End XCBuildConfiguration section */

/* Begin XCConfigurationList section */
		9F93901322D5DA0A00DAD186 /* Build configuration list for PBXProject "TestBasis" */ = {
			isa = XCConfigurationList;
			buildConfigurations = (
				9F93904222D5DA0C00DAD186 /* Debug */,
				9F93904322D5DA0C00DAD186 /* Release */,
			);
			defaultConfigurationIsVisible = 0;
			defaultConfigurationName = Release;
		};
		9F93904422D5DA0C00DAD186 /* Build configuration list for PBXNativeTarget "TestBasis" */ = {
			isa = XCConfigurationList;
			buildConfigurations = (
				9F93904522D5DA0C00DAD186 /* Debug */,
				9F93904622D5DA0C00DAD186 /* Release */,
			);
			defaultConfigurationIsVisible = 0;
			defaultConfigurationName = Release;
		};
		9F93904722D5DA0C00DAD186 /* Build configuration list for PBXNativeTarget "TestBasisTests" */ = {
			isa = XCConfigurationList;
			buildConfigurations = (
				9F93904822D5DA0C00DAD186 /* Debug */,
				9F93904922D5DA0C00DAD186 /* Release */,
			);
			defaultConfigurationIsVisible = 0;
			defaultConfigurationName = Release;
		};
		9F93904A22D5DA0C00DAD186 /* Build configuration list for PBXNativeTarget "TestBasisUITests" */ = {
			isa = XCConfigurationList;
			buildConfigurations = (
				9F93904B22D5DA0C00DAD186 /* Debug */,
				9F93904C22D5DA0C00DAD186 /* Release */,
			);
			defaultConfigurationIsVisible = 0;
			defaultConfigurationName = Release;
		};
/* End XCConfigurationList section */
	};
	rootObject = 9F93901022D5DA0A00DAD186 /* Project object */;
}
