// !$*UTF8*$!
{
	archiveVersion = 1;
	classes = {
	};
	objectVersion = 51;
	objects = {

/* Begin PBXBuildFile section */
		9F938FA122D5D5FA00DAD186 /* AppDelegate.m in Sources */ = {isa = PBXBuildFile; fileRef = 9F938FA022D5D5FA00DAD186 /* AppDelegate.m */; };
		9F938FA422D5D5FA00DAD186 /* ViewController.m in Sources */ = {isa = PBXBuildFile; fileRef = 9F938FA322D5D5FA00DAD186 /* ViewController.m */; };
		9F938FA722D5D5FA00DAD186 /* Main.storyboard in Resources */ = {isa = PBXBuildFile; fileRef = 9F938FA522D5D5FA00DAD186 /* Main.storyboard */; };
		9F938FA922D5D5FB00DAD186 /* Assets.xcassets in Resources */ = {isa = PBXBuildFile; fileRef = 9F938FA822D5D5FB00DAD186 /* Assets.xcassets */; };
		9F938FAC22D5D5FB00DAD186 /* LaunchScreen.storyboard in Resources */ = {isa = PBXBuildFile; fileRef = 9F938FAA22D5D5FB00DAD186 /* LaunchScreen.storyboard */; };
		9F938FAF22D5D5FB00DAD186 /* main.m in Sources */ = {isa = PBXBuildFile; fileRef = 9F938FAE22D5D5FB00DAD186 /* main.m */; };
		9F938FB922D5D5FC00DAD186 /* TestBTests.m in Sources */ = {isa = PBXBuildFile; fileRef = 9F938FB822D5D5FC00DAD186 /* TestBTests.m */; };
		9F938FC422D5D5FC00DAD186 /* TestBUITests.m in Sources */ = {isa = PBXBuildFile; fileRef = 9F938FC322D5D5FC00DAD186 /* TestBUITests.m */; };
		9F93906722D5EA5700DAD186 /* TestBViewController.m in Sources */ = {isa = PBXBuildFile; fileRef = 9F93906222D5EA5700DAD186 /* TestBViewController.m */; };
		9F93906822D5EA5700DAD186 /* TexsBRoute.m in Sources */ = {isa = PBXBuildFile; fileRef = 9F93906422D5EA5700DAD186 /* TexsBRoute.m */; };
		9F93906922D5EA5700DAD186 /* TestBDetailsViewController.m in Sources */ = {isa = PBXBuildFile; fileRef = 9F93906522D5EA5700DAD186 /* TestBDetailsViewController.m */; };
		9FACB93F22DEC90D0025F181 /* Target_TestB.m in Sources */ = {isa = PBXBuildFile; fileRef = 9FACB93E22DEC90D0025F181 /* Target_TestB.m */; };
		B3FB5941C39895E6108C0C1A /* libPods-TestB.a in Frameworks */ = {isa = PBXBuildFile; fileRef = 2B29F22BBF8827109DAA818A /* libPods-TestB.a */; };
/* End PBXBuildFile section */

/* Begin PBXContainerItemProxy section */
		9F938FB522D5D5FC00DAD186 /* PBXContainerItemProxy */ = {
			isa = PBXContainerItemProxy;
			containerPortal = 9F938F9422D5D5FA00DAD186 /* Project object */;
			proxyType = 1;
			remoteGlobalIDString = 9F938F9B22D5D5FA00DAD186;
			remoteInfo = TestB;
		};
		9F938FC022D5D5FC00DAD186 /* PBXContainerItemProxy */ = {
			isa = PBXContainerItemProxy;
			containerPortal = 9F938F9422D5D5FA00DAD186 /* Project object */;
			proxyType = 1;
			remoteGlobalIDString = 9F938F9B22D5D5FA00DAD186;
			remoteInfo = TestB;
		};
/* End PBXContainerItemProxy section */

/* Begin PBXFileReference section */
		2B29F22BBF8827109DAA818A /* libPods-TestB.a */ = {isa = PBXFileReference; explicitFileType = archive.ar; includeInIndex = 0; path = "libPods-TestB.a"; sourceTree = BUILT_PRODUCTS_DIR; };
		77A7AD0CF55836114FB26AE7 /* Pods-TestB.release.xcconfig */ = {isa = PBXFileReference; includeInIndex = 1; lastKnownFileType = text.xcconfig; name = "Pods-TestB.release.xcconfig"; path = "Target Support Files/Pods-TestB/Pods-TestB.release.xcconfig"; sourceTree = "<group>"; };
		9F938F9C22D5D5FA00DAD186 /* TestB.app */ = {isa = PBXFileReference; explicitFileType = wrapper.application; includeInIndex = 0; path = TestB.app; sourceTree = BUILT_PRODUCTS_DIR; };
		9F938F9F22D5D5FA00DAD186 /* AppDelegate.h */ = {isa = PBXFileReference; lastKnownFileType = sourcecode.c.h; path = AppDelegate.h; sourceTree = "<group>"; };
		9F938FA022D5D5FA00DAD186 /* AppDelegate.m */ = {isa = PBXFileReference; lastKnownFileType = sourcecode.c.objc; path = AppDelegate.m; sourceTree = "<group>"; };
		9F938FA222D5D5FA00DAD186 /* ViewController.h */ = {isa = PBXFileReference; lastKnownFileType = sourcecode.c.h; path = ViewController.h; sourceTree = "<group>"; };
		9F938FA322D5D5FA00DAD186 /* ViewController.m */ = {isa = PBXFileReference; lastKnownFileType = sourcecode.c.objc; path = ViewController.m; sourceTree = "<group>"; };
		9F938FA622D5D5FA00DAD186 /* Base */ = {isa = PBXFileReference; lastKnownFileType = file.storyboard; name = Base; path = Base.lproj/Main.storyboard; sourceTree = "<group>"; };
		9F938FA822D5D5FB00DAD186 /* Assets.xcassets */ = {isa = PBXFileReference; lastKnownFileType = folder.assetcatalog; path = Assets.xcassets; sourceTree = "<group>"; };
		9F938FAB22D5D5FB00DAD186 /* Base */ = {isa = PBXFileReference; lastKnownFileType = file.storyboard; name = Base; path = Base.lproj/LaunchScreen.storyboard; sourceTree = "<group>"; };
		9F938FAD22D5D5FB00DAD186 /* Info.plist */ = {isa = PBXFileReference; lastKnownFileType = text.plist.xml; path = Info.plist; sourceTree = "<group>"; };
		9F938FAE22D5D5FB00DAD186 /* main.m */ = {isa = PBXFileReference; lastKnownFileType = sourcecode.c.objc; path = main.m; sourceTree = "<group>"; };
		9F938FB422D5D5FC00DAD186 /* TestBTests.xctest */ = {isa = PBXFileReference; explicitFileType = wrapper.cfbundle; includeInIndex = 0; path = TestBTests.xctest; sourceTree = BUILT_PRODUCTS_DIR; };
		9F938FB822D5D5FC00DAD186 /* TestBTests.m */ = {isa = PBXFileReference; lastKnownFileType = sourcecode.c.objc; path = TestBTests.m; sourceTree = "<group>"; };
		9F938FBA22D5D5FC00DAD186 /* Info.plist */ = {isa = PBXFileReference; lastKnownFileType = text.plist.xml; path = Info.plist; sourceTree = "<group>"; };
		9F938FBF22D5D5FC00DAD186 /* TestBUITests.xctest */ = {isa = PBXFileReference; explicitFileType = wrapper.cfbundle; includeInIndex = 0; path = TestBUITests.xctest; sourceTree = BUILT_PRODUCTS_DIR; };
		9F938FC322D5D5FC00DAD186 /* TestBUITests.m */ = {isa = PBXFileReference; lastKnownFileType = sourcecode.c.objc; path = TestBUITests.m; sourceTree = "<group>"; };
		9F938FC522D5D5FC00DAD186 /* Info.plist */ = {isa = PBXFileReference; lastKnownFileType = text.plist.xml; path = Info.plist; sourceTree = "<group>"; };
		9F93906122D5EA5700DAD186 /* TestBViewController.h */ = {isa = PBXFileReference; fileEncoding = 4; lastKnownFileType = sourcecode.c.h; path = TestBViewController.h; sourceTree = "<group>"; };
		9F93906222D5EA5700DAD186 /* TestBViewController.m */ = {isa = PBXFileReference; fileEncoding = 4; lastKnownFileType = sourcecode.c.objc; path = TestBViewController.m; sourceTree = "<group>"; };
		9F93906322D5EA5700DAD186 /* TexsBRoute.h */ = {isa = PBXFileReference; fileEncoding = 4; lastKnownFileType = sourcecode.c.h; path = TexsBRoute.h; sourceTree = "<group>"; };
		9F93906422D5EA5700DAD186 /* TexsBRoute.m */ = {isa = PBXFileReference; fileEncoding = 4; lastKnownFileType = sourcecode.c.objc; path = TexsBRoute.m; sourceTree = "<group>"; };
		9F93906522D5EA5700DAD186 /* TestBDetailsViewController.m */ = {isa = PBXFileReference; fileEncoding = 4; lastKnownFileType = sourcecode.c.objc; path = TestBDetailsViewController.m; sourceTree = "<group>"; };
		9F93906622D5EA5700DAD186 /* TestBDetailsViewController.h */ = {isa = PBXFileReference; fileEncoding = 4; lastKnownFileType = sourcecode.c.h; path = TestBDetailsViewController.h; sourceTree = "<group>"; };
		9FACB93D22DEC90D0025F181 /* Target_TestB.h */ = {isa = PBXFileReference; lastKnownFileType = sourcecode.c.h; path = Target_TestB.h; sourceTree = "<group>"; };
		9FACB93E22DEC90D0025F181 /* Target_TestB.m */ = {isa = PBXFileReference; lastKnownFileType = sourcecode.c.objc; path = Target_TestB.m; sourceTree = "<group>"; };
		ACE3F3D1793CF0402989F581 /* Pods-TestB.debug.xcconfig */ = {isa = PBXFileReference; includeInIndex = 1; lastKnownFileType = text.xcconfig; name = "Pods-TestB.debug.xcconfig"; path = "Target Support Files/Pods-TestB/Pods-TestB.debug.xcconfig"; sourceTree = "<group>"; };
/* End PBXFileReference section */

/* Begin PBXFrameworksBuildPhase section */
		9F938F9922D5D5FA00DAD186 /* Frameworks */ = {
			isa = PBXFrameworksBuildPhase;
			buildActionMask = 2147483647;
			files = (
				B3FB5941C39895E6108C0C1A /* libPods-TestB.a in Frameworks */,
			);
			runOnlyForDeploymentPostprocessing = 0;
		};
		9F938FB122D5D5FC00DAD186 /* Frameworks */ = {
			isa = PBXFrameworksBuildPhase;
			buildActionMask = 2147483647;
			files = (
			);
			runOnlyForDeploymentPostprocessing = 0;
		};
		9F938FBC22D5D5FC00DAD186 /* Frameworks */ = {
			isa = PBXFrameworksBuildPhase;
			buildActionMask = 2147483647;
			files = (
			);
			runOnlyForDeploymentPostprocessing = 0;
		};
/* End PBXFrameworksBuildPhase section */

/* Begin PBXGroup section */
		8FC22001C871343B096423FC /* Frameworks */ = {
			isa = PBXGroup;
			children = (
				2B29F22BBF8827109DAA818A /* libPods-TestB.a */,
			);
			name = Frameworks;
			sourceTree = "<group>";
		};
		9F938F9322D5D5FA00DAD186 = {
			isa = PBXGroup;
			children = (
				9F938F9E22D5D5FA00DAD186 /* TestB */,
				9F938FB722D5D5FC00DAD186 /* TestBTests */,
				9F938FC222D5D5FC00DAD186 /* TestBUITests */,
				9F938F9D22D5D5FA00DAD186 /* Products */,
				FFFB1BC0B95E64E042EAF2A4 /* Pods */,
				8FC22001C871343B096423FC /* Frameworks */,
			);
			sourceTree = "<group>";
		};
		9F938F9D22D5D5FA00DAD186 /* Products */ = {
			isa = PBXGroup;
			children = (
				9F938F9C22D5D5FA00DAD186 /* TestB.app */,
				9F938FB422D5D5FC00DAD186 /* TestBTests.xctest */,
				9F938FBF22D5D5FC00DAD186 /* TestBUITests.xctest */,
			);
			name = Products;
			sourceTree = "<group>";
		};
		9F938F9E22D5D5FA00DAD186 /* TestB */ = {
			isa = PBXGroup;
			children = (
				9F93905922D5EA1C00DAD186 /* Classes */,
				9F938F9F22D5D5FA00DAD186 /* AppDelegate.h */,
				9F938FA022D5D5FA00DAD186 /* AppDelegate.m */,
				9F938FA222D5D5FA00DAD186 /* ViewController.h */,
				9F938FA322D5D5FA00DAD186 /* ViewController.m */,
				9F938FA522D5D5FA00DAD186 /* Main.storyboard */,
				9F938FA822D5D5FB00DAD186 /* Assets.xcassets */,
				9F938FAA22D5D5FB00DAD186 /* LaunchScreen.storyboard */,
				9F938FAD22D5D5FB00DAD186 /* Info.plist */,
				9F938FAE22D5D5FB00DAD186 /* main.m */,
			);
			path = TestB;
			sourceTree = "<group>";
		};
		9F938FB722D5D5FC00DAD186 /* TestBTests */ = {
			isa = PBXGroup;
			children = (
				9F938FB822D5D5FC00DAD186 /* TestBTests.m */,
				9F938FBA22D5D5FC00DAD186 /* Info.plist */,
			);
			path = TestBTests;
			sourceTree = "<group>";
		};
		9F938FC222D5D5FC00DAD186 /* TestBUITests */ = {
			isa = PBXGroup;
			children = (
				9F938FC322D5D5FC00DAD186 /* TestBUITests.m */,
				9F938FC522D5D5FC00DAD186 /* Info.plist */,
			);
			path = TestBUITests;
			sourceTree = "<group>";
		};
		9F93905922D5EA1C00DAD186 /* Classes */ = {
			isa = PBXGroup;
			children = (
				9FACB94122DECFA80025F181 /* MGJRouter_Route */,
				9FACB93C22DEC8DD0025F181 /* CTMediator_Target */,
				9F93906622D5EA5700DAD186 /* TestBDetailsViewController.h */,
				9F93906522D5EA5700DAD186 /* TestBDetailsViewController.m */,
				9F93906122D5EA5700DAD186 /* TestBViewController.h */,
				9F93906222D5EA5700DAD186 /* TestBViewController.m */,
			);
			path = Classes;
			sourceTree = "<group>";
		};
		9FACB93C22DEC8DD0025F181 /* CTMediator_Target */ = {
			isa = PBXGroup;
			children = (
				9FACB93D22DEC90D0025F181 /* Target_TestB.h */,
				9FACB93E22DEC90D0025F181 /* Target_TestB.m */,
			);
			path = CTMediator_Target;
			sourceTree = "<group>";
		};
		9FACB94122DECFA80025F181 /* MGJRouter_Route */ = {
			isa = PBXGroup;
			children = (
				9F93906322D5EA5700DAD186 /* TexsBRoute.h */,
				9F93906422D5EA5700DAD186 /* TexsBRoute.m */,
			);
			path = MGJRouter_Route;
			sourceTree = "<group>";
		};
		FFFB1BC0B95E64E042EAF2A4 /* Pods */ = {
			isa = PBXGroup;
			children = (
				ACE3F3D1793CF0402989F581 /* Pods-TestB.debug.xcconfig */,
				77A7AD0CF55836114FB26AE7 /* Pods-TestB.release.xcconfig */,
			);
			name = Pods;
			path = ../Pods;
			sourceTree = "<group>";
		};
/* End PBXGroup section */

/* Begin PBXNativeTarget section */
		9F938F9B22D5D5FA00DAD186 /* TestB */ = {
			isa = PBXNativeTarget;
			buildConfigurationList = 9F938FC822D5D5FC00DAD186 /* Build configuration list for PBXNativeTarget "TestB" */;
			buildPhases = (
				1C8DC24CFF7477F775008A9D /* [CP] Check Pods Manifest.lock */,
				9F938F9822D5D5FA00DAD186 /* Sources */,
				9F938F9922D5D5FA00DAD186 /* Frameworks */,
				9F938F9A22D5D5FA00DAD186 /* Resources */,
				4061F191A512E97E3EC4F202 /* [CP] Copy Pods Resources */,
			);
			buildRules = (
			);
			dependencies = (
			);
			name = TestB;
			productName = TestB;
			productReference = 9F938F9C22D5D5FA00DAD186 /* TestB.app */;
			productType = "com.apple.product-type.application";
		};
		9F938FB322D5D5FC00DAD186 /* TestBTests */ = {
			isa = PBXNativeTarget;
			buildConfigurationList = 9F938FCB22D5D5FC00DAD186 /* Build configuration list for PBXNativeTarget "TestBTests" */;
			buildPhases = (
				9F938FB022D5D5FC00DAD186 /* Sources */,
				9F938FB122D5D5FC00DAD186 /* Frameworks */,
				9F938FB222D5D5FC00DAD186 /* Resources */,
			);
			buildRules = (
			);
			dependencies = (
				9F938FB622D5D5FC00DAD186 /* PBXTargetDependency */,
			);
			name = TestBTests;
			productName = TestBTests;
			productReference = 9F938FB422D5D5FC00DAD186 /* TestBTests.xctest */;
			productType = "com.apple.product-type.bundle.unit-test";
		};
		9F938FBE22D5D5FC00DAD186 /* TestBUITests */ = {
			isa = PBXNativeTarget;
			buildConfigurationList = 9F938FCE22D5D5FC00DAD186 /* Build configuration list for PBXNativeTarget "TestBUITests" */;
			buildPhases = (
				9F938FBB22D5D5FC00DAD186 /* Sources */,
				9F938FBC22D5D5FC00DAD186 /* Frameworks */,
				9F938FBD22D5D5FC00DAD186 /* Resources */,
			);
			buildRules = (
			);
			dependencies = (
				9F938FC122D5D5FC00DAD186 /* PBXTargetDependency */,
			);
			name = TestBUITests;
			productName = TestBUITests;
			productReference = 9F938FBF22D5D5FC00DAD186 /* TestBUITests.xctest */;
			productType = "com.apple.product-type.bundle.ui-testing";
		};
/* End PBXNativeTarget section */

/* Begin PBXProject section */
		9F938F9422D5D5FA00DAD186 /* Project object */ = {
			isa = PBXProject;
			attributes = {
				LastUpgradeCheck = 1020;
				ORGANIZATIONNAME = Suzhibin;
				TargetAttributes = {
					9F938F9B22D5D5FA00DAD186 = {
						CreatedOnToolsVersion = 10.2.1;
					};
					9F938FB322D5D5FC00DAD186 = {
						CreatedOnToolsVersion = 10.2.1;
						TestTargetID = 9F938F9B22D5D5FA00DAD186;
					};
					9F938FBE22D5D5FC00DAD186 = {
						CreatedOnToolsVersion = 10.2.1;
						TestTargetID = 9F938F9B22D5D5FA00DAD186;
					};
				};
			};
			buildConfigurationList = 9F938F9722D5D5FA00DAD186 /* Build configuration list for PBXProject "TestB" */;
			compatibilityVersion = "Xcode 9.3";
			developmentRegion = en;
			hasScannedForEncodings = 0;
			knownRegions = (
				en,
				Base,
			);
			mainGroup = 9F938F9322D5D5FA00DAD186;
			productRefGroup = 9F938F9D22D5D5FA00DAD186 /* Products */;
			projectDirPath = "";
			projectRoot = "";
			targets = (
				9F938F9B22D5D5FA00DAD186 /* TestB */,
				9F938FB322D5D5FC00DAD186 /* TestBTests */,
				9F938FBE22D5D5FC00DAD186 /* TestBUITests */,
			);
		};
/* End PBXProject section */

/* Begin PBXResourcesBuildPhase section */
		9F938F9A22D5D5FA00DAD186 /* Resources */ = {
			isa = PBXResourcesBuildPhase;
			buildActionMask = 2147483647;
			files = (
				9F938FAC22D5D5FB00DAD186 /* LaunchScreen.storyboard in Resources */,
				9F938FA922D5D5FB00DAD186 /* Assets.xcassets in Resources */,
				9F938FA722D5D5FA00DAD186 /* Main.storyboard in Resources */,
			);
			runOnlyForDeploymentPostprocessing = 0;
		};
		9F938FB222D5D5FC00DAD186 /* Resources */ = {
			isa = PBXResourcesBuildPhase;
			buildActionMask = 2147483647;
			files = (
			);
			runOnlyForDeploymentPostprocessing = 0;
		};
		9F938FBD22D5D5FC00DAD186 /* Resources */ = {
			isa = PBXResourcesBuildPhase;
			buildActionMask = 2147483647;
			files = (
			);
			runOnlyForDeploymentPostprocessing = 0;
		};
/* End PBXResourcesBuildPhase section */

/* Begin PBXShellScriptBuildPhase section */
		1C8DC24CFF7477F775008A9D /* [CP] Check Pods Manifest.lock */ = {
			isa = PBXShellScriptBuildPhase;
			buildActionMask = 2147483647;
			files = (
			);
			inputFileListPaths = (
			);
			inputPaths = (
				"${PODS_PODFILE_DIR_PATH}/Podfile.lock",
				"${PODS_ROOT}/Manifest.lock",
			);
			name = "[CP] Check Pods Manifest.lock";
			outputFileListPaths = (
			);
			outputPaths = (
				"$(DERIVED_FILE_DIR)/Pods-TestB-checkManifestLockResult.txt",
			);
			runOnlyForDeploymentPostprocessing = 0;
			shellPath = /bin/sh;
			shellScript = "diff \"${PODS_PODFILE_DIR_PATH}/Podfile.lock\" \"${PODS_ROOT}/Manifest.lock\" > /dev/null\nif [ $? != 0 ] ; then\n    # print error to STDERR\n    echo \"error: The sandbox is not in sync with the Podfile.lock. Run 'pod install' or update your CocoaPods installation.\" >&2\n    exit 1\nfi\n# This output is used by Xcode 'outputs' to avoid re-running this script phase.\necho \"SUCCESS\" > \"${SCRIPT_OUTPUT_FILE_0}\"\n";
			showEnvVarsInLog = 0;
		};
		4061F191A512E97E3EC4F202 /* [CP] Copy Pods Resources */ = {
			isa = PBXShellScriptBuildPhase;
			buildActionMask = 2147483647;
			files = (
			);
			inputFileListPaths = (
				"${PODS_ROOT}/Target Support Files/Pods-TestB/Pods-TestB-resources-${CONFIGURATION}-input-files.xcfilelist",
			);
			name = "[CP] Copy Pods Resources";
			outputFileListPaths = (
				"${PODS_ROOT}/Target Support Files/Pods-TestB/Pods-TestB-resources-${CONFIGURATION}-output-files.xcfilelist",
			);
			runOnlyForDeploymentPostprocessing = 0;
			shellPath = /bin/sh;
			shellScript = "\"${PODS_ROOT}/Target Support Files/Pods-TestB/Pods-TestB-resources.sh\"\n";
			showEnvVarsInLog = 0;
		};
/* End PBXShellScriptBuildPhase section */

/* Begin PBXSourcesBuildPhase section */
		9F938F9822D5D5FA00DAD186 /* Sources */ = {
			isa = PBXSourcesBuildPhase;
			buildActionMask = 2147483647;
			files = (
				9F93906922D5EA5700DAD186 /* TestBDetailsViewController.m in Sources */,
				9FACB93F22DEC90D0025F181 /* Target_TestB.m in Sources */,
				9F938FA422D5D5FA00DAD186 /* ViewController.m in Sources */,
				9F93906722D5EA5700DAD186 /* TestBViewController.m in Sources */,
				9F93906822D5EA5700DAD186 /* TexsBRoute.m in Sources */,
				9F938FAF22D5D5FB00DAD186 /* main.m in Sources */,
				9F938FA122D5D5FA00DAD186 /* AppDelegate.m in Sources */,
			);
			runOnlyForDeploymentPostprocessing = 0;
		};
		9F938FB022D5D5FC00DAD186 /* Sources */ = {
			isa = PBXSourcesBuildPhase;
			buildActionMask = 2147483647;
			files = (
				9F938FB922D5D5FC00DAD186 /* TestBTests.m in Sources */,
			);
			runOnlyForDeploymentPostprocessing = 0;
		};
		9F938FBB22D5D5FC00DAD186 /* Sources */ = {
			isa = PBXSourcesBuildPhase;
			buildActionMask = 2147483647;
			files = (
				9F938FC422D5D5FC00DAD186 /* TestBUITests.m in Sources */,
			);
			runOnlyForDeploymentPostprocessing = 0;
		};
/* End PBXSourcesBuildPhase section */

/* Begin PBXTargetDependency section */
		9F938FB622D5D5FC00DAD186 /* PBXTargetDependency */ = {
			isa = PBXTargetDependency;
			target = 9F938F9B22D5D5FA00DAD186 /* TestB */;
			targetProxy = 9F938FB522D5D5FC00DAD186 /* PBXContainerItemProxy */;
		};
		9F938FC122D5D5FC00DAD186 /* PBXTargetDependency */ = {
			isa = PBXTargetDependency;
			target = 9F938F9B22D5D5FA00DAD186 /* TestB */;
			targetProxy = 9F938FC022D5D5FC00DAD186 /* PBXContainerItemProxy */;
		};
/* End PBXTargetDependency section */

/* Begin PBXVariantGroup section */
		9F938FA522D5D5FA00DAD186 /* Main.storyboard */ = {
			isa = PBXVariantGroup;
			children = (
				9F938FA622D5D5FA00DAD186 /* Base */,
			);
			name = Main.storyboard;
			sourceTree = "<group>";
		};
		9F938FAA22D5D5FB00DAD186 /* LaunchScreen.storyboard */ = {
			isa = PBXVariantGroup;
			children = (
				9F938FAB22D5D5FB00DAD186 /* Base */,
			);
			name = LaunchScreen.storyboard;
			sourceTree = "<group>";
		};
/* End PBXVariantGroup section */

/* Begin XCBuildConfiguration section */
		9F938FC622D5D5FC00DAD186 /* Debug */ = {
			isa = XCBuildConfiguration;
			buildSettings = {
				ALWAYS_SEARCH_USER_PATHS = NO;
				CLANG_ANALYZER_NONNULL = YES;
				CLANG_ANALYZER_NUMBER_OBJECT_CONVERSION = YES_AGGRESSIVE;
				CLANG_CXX_LANGUAGE_STANDARD = "gnu++14";
				CLANG_CXX_LIBRARY = "libc++";
				CLANG_ENABLE_MODULES = YES;
				CLANG_ENABLE_OBJC_ARC = YES;
				CLANG_ENABLE_OBJC_WEAK = YES;
				CLANG_WARN_BLOCK_CAPTURE_AUTORELEASING = YES;
				CLANG_WARN_BOOL_CONVERSION = YES;
				CLANG_WARN_COMMA = YES;
				CLANG_WARN_CONSTANT_CONVERSION = YES;
				CLANG_WARN_DEPRECATED_OBJC_IMPLEMENTATIONS = YES;
				CLANG_WARN_DIRECT_OBJC_ISA_USAGE = YES_ERROR;
				CLANG_WARN_DOCUMENTATION_COMMENTS = YES;
				CLANG_WARN_EMPTY_BODY = YES;
				CLANG_WARN_ENUM_CONVERSION = YES;
				CLANG_WARN_INFINITE_RECURSION = YES;
				CLANG_WARN_INT_CONVERSION = YES;
				CLANG_WARN_NON_LITERAL_NULL_CONVERSION = YES;
				CLANG_WARN_OBJC_IMPLICIT_RETAIN_SELF = YES;
				CLANG_WARN_OBJC_LITERAL_CONVERSION = YES;
				CLANG_WARN_OBJC_ROOT_CLASS = YES_ERROR;
				CLANG_WARN_RANGE_LOOP_ANALYSIS = YES;
				CLANG_WARN_STRICT_PROTOTYPES = YES;
				CLANG_WARN_SUSPICIOUS_MOVE = YES;
				CLANG_WARN_UNGUARDED_AVAILABILITY = YES_AGGRESSIVE;
				CLANG_WARN_UNREACHABLE_CODE = YES;
				CLANG_WARN__DUPLICATE_METHOD_MATCH = YES;
				CODE_SIGN_IDENTITY = "iPhone Developer";
				COPY_PHASE_STRIP = NO;
				DEBUG_INFORMATION_FORMAT = dwarf;
				ENABLE_STRICT_OBJC_MSGSEND = YES;
				ENABLE_TESTABILITY = YES;
				GCC_C_LANGUAGE_STANDARD = gnu11;
				GCC_DYNAMIC_NO_PIC = NO;
				GCC_NO_COMMON_BLOCKS = YES;
				GCC_OPTIMIZATION_LEVEL = 0;
				GCC_PREPROCESSOR_DEFINITIONS = (
					"DEBUG=1",
					"$(inherited)",
				);
				GCC_WARN_64_TO_32_BIT_CONVERSION = YES;
				GCC_WARN_ABOUT_RETURN_TYPE = YES_ERROR;
				GCC_WARN_UNDECLARED_SELECTOR = YES;
				GCC_WARN_UNINITIALIZED_AUTOS = YES_AGGRESSIVE;
				GCC_WARN_UNUSED_FUNCTION = YES;
				GCC_WARN_UNUSED_VARIABLE = YES;
				IPHONEOS_DEPLOYMENT_TARGET = 12.2;
				MTL_ENABLE_DEBUG_INFO = INCLUDE_SOURCE;
				MTL_FAST_MATH = YES;
				ONLY_ACTIVE_ARCH = YES;
				SDKROOT = iphoneos;
			};
			name = Debug;
		};
		9F938FC722D5D5FC00DAD186 /* Release */ = {
			isa = XCBuildConfiguration;
			buildSettings = {
				ALWAYS_SEARCH_USER_PATHS = NO;
				CLANG_ANALYZER_NONNULL = YES;
				CLANG_ANALYZER_NUMBER_OBJECT_CONVERSION = YES_AGGRESSIVE;
				CLANG_CXX_LANGUAGE_STANDARD = "gnu++14";
				CLANG_CXX_LIBRARY = "libc++";
				CLANG_ENABLE_MODULES = YES;
				CLANG_ENABLE_OBJC_ARC = YES;
				CLANG_ENABLE_OBJC_WEAK = YES;
				CLANG_WARN_BLOCK_CAPTURE_AUTORELEASING = YES;
				CLANG_WARN_BOOL_CONVERSION = YES;
				CLANG_WARN_COMMA = YES;
				CLANG_WARN_CONSTANT_CONVERSION = YES;
				CLANG_WARN_DEPRECATED_OBJC_IMPLEMENTATIONS = YES;
				CLANG_WARN_DIRECT_OBJC_ISA_USAGE = YES_ERROR;
				CLANG_WARN_DOCUMENTATION_COMMENTS = YES;
				CLANG_WARN_EMPTY_BODY = YES;
				CLANG_WARN_ENUM_CONVERSION = YES;
				CLANG_WARN_INFINITE_RECURSION = YES;
				CLANG_WARN_INT_CONVERSION = YES;
				CLANG_WARN_NON_LITERAL_NULL_CONVERSION = YES;
				CLANG_WARN_OBJC_IMPLICIT_RETAIN_SELF = YES;
				CLANG_WARN_OBJC_LITERAL_CONVERSION = YES;
				CLANG_WARN_OBJC_ROOT_CLASS = YES_ERROR;
				CLANG_WARN_RANGE_LOOP_ANALYSIS = YES;
				CLANG_WARN_STRICT_PROTOTYPES = YES;
				CLANG_WARN_SUSPICIOUS_MOVE = YES;
				CLANG_WARN_UNGUARDED_AVAILABILITY = YES_AGGRESSIVE;
				CLANG_WARN_UNREACHABLE_CODE = YES;
				CLANG_WARN__DUPLICATE_METHOD_MATCH = YES;
				CODE_SIGN_IDENTITY = "iPhone Developer";
				COPY_PHASE_STRIP = NO;
				DEBUG_INFORMATION_FORMAT = "dwarf-with-dsym";
				ENABLE_NS_ASSERTIONS = NO;
				ENABLE_STRICT_OBJC_MSGSEND = YES;
				GCC_C_LANGUAGE_STANDARD = gnu11;
				GCC_NO_COMMON_BLOCKS = YES;
				GCC_WARN_64_TO_32_BIT_CONVERSION = YES;
				GCC_WARN_ABOUT_RETURN_TYPE = YES_ERROR;
				GCC_WARN_UNDECLARED_SELECTOR = YES;
				GCC_WARN_UNINITIALIZED_AUTOS = YES_AGGRESSIVE;
				GCC_WARN_UNUSED_FUNCTION = YES;
				GCC_WARN_UNUSED_VARIABLE = YES;
				IPHONEOS_DEPLOYMENT_TARGET = 12.2;
				MTL_ENABLE_DEBUG_INFO = NO;
				MTL_FAST_MATH = YES;
				SDKROOT = iphoneos;
				VALIDATE_PRODUCT = YES;
			};
			name = Release;
		};
		9F938FC922D5D5FC00DAD186 /* Debug */ = {
			isa = XCBuildConfiguration;
			baseConfigurationReference = ACE3F3D1793CF0402989F581 /* Pods-TestB.debug.xcconfig */;
			buildSettings = {
				ASSETCATALOG_COMPILER_APPICON_NAME = AppIcon;
				CODE_SIGN_STYLE = Automatic;
				INFOPLIST_FILE = TestB/Info.plist;
				LD_RUNPATH_SEARCH_PATHS = (
					"$(inherited)",
					"@executable_path/Frameworks",
				);
				PRODUCT_BUNDLE_IDENTIFIER = com.github.TestB;
				PRODUCT_NAME = "$(TARGET_NAME)";
				TARGETED_DEVICE_FAMILY = "1,2";
			};
			name = Debug;
		};
		9F938FCA22D5D5FC00DAD186 /* Release */ = {
			isa = XCBuildConfiguration;
			baseConfigurationReference = 77A7AD0CF55836114FB26AE7 /* Pods-TestB.release.xcconfig */;
			buildSettings = {
				ASSETCATALOG_COMPILER_APPICON_NAME = AppIcon;
				CODE_SIGN_STYLE = Automatic;
				INFOPLIST_FILE = TestB/Info.plist;
				LD_RUNPATH_SEARCH_PATHS = (
					"$(inherited)",
					"@executable_path/Frameworks",
				);
				PRODUCT_BUNDLE_IDENTIFIER = com.github.TestB;
				PRODUCT_NAME = "$(TARGET_NAME)";
				TARGETED_DEVICE_FAMILY = "1,2";
			};
			name = Release;
		};
		9F938FCC22D5D5FC00DAD186 /* Debug */ = {
			isa = XCBuildConfiguration;
			buildSettings = {
				BUNDLE_LOADER = "$(TEST_HOST)";
				CODE_SIGN_STYLE = Automatic;
				INFOPLIST_FILE = TestBTests/Info.plist;
				LD_RUNPATH_SEARCH_PATHS = (
					"$(inherited)",
					"@executable_path/Frameworks",
					"@loader_path/Frameworks",
				);
				PRODUCT_BUNDLE_IDENTIFIER = com.gitee.TestBTests;
				PRODUCT_NAME = "$(TARGET_NAME)";
				TARGETED_DEVICE_FAMILY = "1,2";
				TEST_HOST = "$(BUILT_PRODUCTS_DIR)/TestB.app/TestB";
			};
			name = Debug;
		};
		9F938FCD22D5D5FC00DAD186 /* Release */ = {
			isa = XCBuildConfiguration;
			buildSettings = {
				BUNDLE_LOADER = "$(TEST_HOST)";
				CODE_SIGN_STYLE = Automatic;
				INFOPLIST_FILE = TestBTests/Info.plist;
				LD_RUNPATH_SEARCH_PATHS = (
					"$(inherited)",
					"@executable_path/Frameworks",
					"@loader_path/Frameworks",
				);
				PRODUCT_BUNDLE_IDENTIFIER = com.gitee.TestBTests;
				PRODUCT_NAME = "$(TARGET_NAME)";
				TARGETED_DEVICE_FAMILY = "1,2";
				TEST_HOST = "$(BUILT_PRODUCTS_DIR)/TestB.app/TestB";
			};
			name = Release;
		};
		9F938FCF22D5D5FC00DAD186 /* Debug */ = {
			isa = XCBuildConfiguration;
			buildSettings = {
				CODE_SIGN_STYLE = Automatic;
				INFOPLIST_FILE = TestBUITests/Info.plist;
				LD_RUNPATH_SEARCH_PATHS = (
					"$(inherited)",
					"@executable_path/Frameworks",
					"@loader_path/Frameworks",
				);
				PRODUCT_BUNDLE_IDENTIFIER = com.gitee.TestBUITests;
				PRODUCT_NAME = "$(TARGET_NAME)";
				TARGETED_DEVICE_FAMILY = "1,2";
				TEST_TARGET_NAME = TestB;
			};
			name = Debug;
		};
		9F938FD022D5D5FC00DAD186 /* Release */ = {
			isa = XCBuildConfiguration;
			buildSettings = {
				CODE_SIGN_STYLE = Automatic;
				INFOPLIST_FILE = TestBUITests/Info.plist;
				LD_RUNPATH_SEARCH_PATHS = (
					"$(inherited)",
					"@executable_path/Frameworks",
					"@loader_path/Frameworks",
				);
				PRODUCT_BUNDLE_IDENTIFIER = com.gitee.TestBUITests;
				PRODUCT_NAME = "$(TARGET_NAME)";
				TARGETED_DEVICE_FAMILY = "1,2";
				TEST_TARGET_NAME = TestB;
			};
			name = Release;
		};
/* End XCBuildConfiguration section */

/* Begin XCConfigurationList section */
		9F938F9722D5D5FA00DAD186 /* Build configuration list for PBXProject "TestB" */ = {
			isa = XCConfigurationList;
			buildConfigurations = (
				9F938FC622D5D5FC00DAD186 /* Debug */,
				9F938FC722D5D5FC00DAD186 /* Release */,
			);
			defaultConfigurationIsVisible = 0;
			defaultConfigurationName = Release;
		};
		9F938FC822D5D5FC00DAD186 /* Build configuration list for PBXNativeTarget "TestB" */ = {
			isa = XCConfigurationList;
			buildConfigurations = (
				9F938FC922D5D5FC00DAD186 /* Debug */,
				9F938FCA22D5D5FC00DAD186 /* Release */,
			);
			defaultConfigurationIsVisible = 0;
			defaultConfigurationName = Release;
		};
		9F938FCB22D5D5FC00DAD186 /* Build configuration list for PBXNativeTarget "TestBTests" */ = {
			isa = XCConfigurationList;
			buildConfigurations = (
				9F938FCC22D5D5FC00DAD186 /* Debug */,
				9F938FCD22D5D5FC00DAD186 /* Release */,
			);
			defaultConfigurationIsVisible = 0;
			defaultConfigurationName = Release;
		};
		9F938FCE22D5D5FC00DAD186 /* Build configuration list for PBXNativeTarget "TestBUITests" */ = {
			isa = XCConfigurationList;
			buildConfigurations = (
				9F938FCF22D5D5FC00DAD186 /* Debug */,
				9F938FD022D5D5FC00DAD186 /* Release */,
			);
			defaultConfigurationIsVisible = 0;
			defaultConfigurationName = Release;
		};
/* End XCConfigurationList section */
	};
	rootObject = 9F938F9422D5D5FA00DAD186 /* Project object */;
}
