PODS:
  - CTMediator (46)
  - TestAppModule/TestBasis (1.0.0):
    - TestAppModule/TestBasis/BasisTool (= 1.0.0)
    - TestAppModule/TestBasis/RequestTool (= 1.0.0)
    - TestAppModule/TestBasis/Utility (= 1.0.0)
  - TestAppModule/TestBasis/BasisTool (1.0.0)
  - TestAppModule/TestBasis/RequestTool (1.0.0)
  - TestAppModule/TestBasis/Utility (1.0.0):
    - CTMediator
  - TestAppModule/WBRenZHeng (1.0.0)

DEPENDENCIES:
  - CTMediator
  - TestAppModule/TestBasis (from `../TestAppModule`)
  - TestAppModule/TestBasis/BasisTool (from `../TestAppModule`)
  - TestAppModule/TestBasis/RequestTool (from `../TestAppModule`)
  - TestAppModule/TestBasis/Utility (from `../TestAppModule`)
  - TestAppModule/WBRenZHeng (from `../TestAppModule`)

SPEC REPOS:
  https://github.com/CocoaPods/Specs.git:
    - CTMediator

EXTERNAL SOURCES:
  TestAppModule:
    :path: "../TestAppModule"

SPEC CHECKSUMS:
  CTMediator: f1cf58d509fb3192086c367711f039efd769b907
  TestAppModule: 79f86f6e903520328cb62d755d94c9d59b86b224

PODFILE CHECKSUM: cc2cd2afb652fbac782592432c8aa1b75cbf0318

COCOAPODS: 1.11.3
