PODS:
  - MGJRouter (0.10.0)
  - TestAppModule/TestBasis (1.0.0):
    - MGJRouter

DEPENDENCIES:
  - MGJRouter
  - TestAppModule/TestBasis (from `../TestAppModule`)

SPEC REPOS:
  https://github.com/cocoapods/specs.git:
    - MGJRouter

EXTERNAL SOURCES:
  TestAppModule:
    :path: "../TestAppModule"

SPEC CHECKSUMS:
  MGJRouter: 15d94541eb2cc81eff7d577337288feb7ae9575f
  TestAppModule: deb3acd7517025e2732134146ed79a06b0b18a19

PODFILE CHECKSUM: f78d4aadfd5b26feaa1c223238040951b92cb960

COCOAPODS: 1.7.0.beta.3
